
Microsoft Visual Studio Solution File, Format Version 12.00
# Visual Studio 15
VisualStudioVersion = 15.0.27703.2042
MinimumVisualStudioVersion = 10.0.40219.1
Project("{2150E333-8FDC-42A3-9474-1A3956D46DE8}") = "src", "src", "{32B3BAC6-B7A7-4D8C-9594-1E30A70BA0BB}"
EndProject
Project("{9A19103F-16F7-4668-BE54-9A1E7A4F7556}") = "BenDan", "src\BenDan\BenDan.csproj", "{0438E620-8551-412F-8AF4-1AF2B4F4C3D0}"
EndProject
Project("{2150E333-8FDC-42A3-9474-1A3956D46DE8}") = "tests", "tests", "{EEC911D4-DAD4-4B75-9D94-BEA295697050}"
EndProject
Project("{9A19103F-16F7-4668-BE54-9A1E7A4F7556}") = "UnitTests", "tests\UnitTests\UnitTests.csproj", "{6D1B84CA-CE69-4A7A-85A0-AB2E18DA2C6E}"
EndProject
Project("{9A19103F-16F7-4668-BE54-9A1E7A4F7556}") = "ApplicationCore", "src\ApplicationCore\ApplicationCore.csproj", "{019D5174-22A7-44A6-8C03-D2788682C671}"
EndProject
Project("{9A19103F-16F7-4668-BE54-9A1E7A4F7556}") = "Infrastructure", "src\Infrastructure\Infrastructure.csproj", "{47E0B94A-5FB7-4CF5-A630-915A9D76E487}"
EndProject
Project("{9A19103F-16F7-4668-BE54-9A1E7A4F7556}") = "BenDan.ORM", "src\BenDan.ORM\BenDan.ORM.csproj", "{83EA0549-A2E1-462E-B775-05FB1881DF5A}"
EndProject
Project("{9A19103F-16F7-4668-BE54-9A1E7A4F7556}") = "BenDan.Common", "src\BenDan.Common\BenDan.Common.csproj", "{C4ED824A-7E1A-4904-A59E-22BB6098D107}"
EndProject
Global
	GlobalSection(SolutionConfigurationPlatforms) = preSolution
		Debug|Any CPU = Debug|Any CPU
		Release|Any CPU = Release|Any CPU
	EndGlobalSection
	GlobalSection(ProjectConfigurationPlatforms) = postSolution
		{0438E620-8551-412F-8AF4-1AF2B4F4C3D0}.Debug|Any CPU.ActiveCfg = Debug|Any CPU
		{0438E620-8551-412F-8AF4-1AF2B4F4C3D0}.Debug|Any CPU.Build.0 = Debug|Any CPU
		{0438E620-8551-412F-8AF4-1AF2B4F4C3D0}.Release|Any CPU.ActiveCfg = Release|Any CPU
		{0438E620-8551-412F-8AF4-1AF2B4F4C3D0}.Release|Any CPU.Build.0 = Release|Any CPU
		{6D1B84CA-CE69-4A7A-85A0-AB2E18DA2C6E}.Debug|Any CPU.ActiveCfg = Debug|Any CPU
		{6D1B84CA-CE69-4A7A-85A0-AB2E18DA2C6E}.Debug|Any CPU.Build.0 = Debug|Any CPU
		{6D1B84CA-CE69-4A7A-85A0-AB2E18DA2C6E}.Release|Any CPU.ActiveCfg = Release|Any CPU
		{6D1B84CA-CE69-4A7A-85A0-AB2E18DA2C6E}.Release|Any CPU.Build.0 = Release|Any CPU
		{019D5174-22A7-44A6-8C03-D2788682C671}.Debug|Any CPU.ActiveCfg = Debug|Any CPU
		{019D5174-22A7-44A6-8C03-D2788682C671}.Debug|Any CPU.Build.0 = Debug|Any CPU
		{019D5174-22A7-44A6-8C03-D2788682C671}.Release|Any CPU.ActiveCfg = Release|Any CPU
		{019D5174-22A7-44A6-8C03-D2788682C671}.Release|Any CPU.Build.0 = Release|Any CPU
		{47E0B94A-5FB7-4CF5-A630-915A9D76E487}.Debug|Any CPU.ActiveCfg = Debug|Any CPU
		{47E0B94A-5FB7-4CF5-A630-915A9D76E487}.Debug|Any CPU.Build.0 = Debug|Any CPU
		{47E0B94A-5FB7-4CF5-A630-915A9D76E487}.Release|Any CPU.ActiveCfg = Release|Any CPU
		{47E0B94A-5FB7-4CF5-A630-915A9D76E487}.Release|Any CPU.Build.0 = Release|Any CPU
		{83EA0549-A2E1-462E-B775-05FB1881DF5A}.Debug|Any CPU.ActiveCfg = Debug|Any CPU
		{83EA0549-A2E1-462E-B775-05FB1881DF5A}.Debug|Any CPU.Build.0 = Debug|Any CPU
		{83EA0549-A2E1-462E-B775-05FB1881DF5A}.Release|Any CPU.ActiveCfg = Release|Any CPU
		{83EA0549-A2E1-462E-B775-05FB1881DF5A}.Release|Any CPU.Build.0 = Release|Any CPU
		{C4ED824A-7E1A-4904-A59E-22BB6098D107}.Debug|Any CPU.ActiveCfg = Debug|Any CPU
		{C4ED824A-7E1A-4904-A59E-22BB6098D107}.Debug|Any CPU.Build.0 = Debug|Any CPU
		{C4ED824A-7E1A-4904-A59E-22BB6098D107}.Release|Any CPU.ActiveCfg = Release|Any CPU
		{C4ED824A-7E1A-4904-A59E-22BB6098D107}.Release|Any CPU.Build.0 = Release|Any CPU
	EndGlobalSection
	GlobalSection(SolutionProperties) = preSolution
		HideSolutionNode = FALSE
	EndGlobalSection
	GlobalSection(NestedProjects) = preSolution
		{0438E620-8551-412F-8AF4-1AF2B4F4C3D0} = {32B3BAC6-B7A7-4D8C-9594-1E30A70BA0BB}
		{6D1B84CA-CE69-4A7A-85A0-AB2E18DA2C6E} = {EEC911D4-DAD4-4B75-9D94-BEA295697050}
		{019D5174-22A7-44A6-8C03-D2788682C671} = {32B3BAC6-B7A7-4D8C-9594-1E30A70BA0BB}
		{47E0B94A-5FB7-4CF5-A630-915A9D76E487} = {32B3BAC6-B7A7-4D8C-9594-1E30A70BA0BB}
		{83EA0549-A2E1-462E-B775-05FB1881DF5A} = {32B3BAC6-B7A7-4D8C-9594-1E30A70BA0BB}
		{C4ED824A-7E1A-4904-A59E-22BB6098D107} = {32B3BAC6-B7A7-4D8C-9594-1E30A70BA0BB}
	EndGlobalSection
	GlobalSection(ExtensibilityGlobals) = postSolution
		SolutionGuid = {11C5F792-A8F5-4D86-8743-8BCF3A081C35}
	EndGlobalSection
EndGlobal
